// !$*UTF8*$!
{
	archiveVersion = 1;
	classes = {
	};
	objectVersion = 46;
	objects = {

/* Begin PBXBuildFile section */
		53F595031C3522130021D09D /* GJAlertController.h in CopyFiles */ = {isa = PBXBuildFile; fileRef = 53F595021C3522130021D09D /* GJAlertController.h */; };
		53F595051C3522130021D09D /* GJAlertController.m in Sources */ = {isa = PBXBuildFile; fileRef = 53F595041C3522130021D09D /* GJAlertController.m */; };
		53F5950F1C3522970021D09D /* GJAlertAction.m in Sources */ = {isa = PBXBuildFile; fileRef = 53F5950C1C3522970021D09D /* GJAlertAction.m */; settings = {ASSET_TAGS = (); }; };
		53F595101C3522970021D09D /* UIViewController+Alert.m in Sources */ = {isa = PBXBuildFile; fileRef = 53F5950E1C3522970021D09D /* UIViewController+Alert.m */; settings = {ASSET_TAGS = (); }; };
/* End PBXBuildFile section */

/* Begin PBXCopyFilesBuildPhase section */
		53F594FD1C3522130021D09D /* CopyFiles */ = {
			isa = PBXCopyFilesBuildPhase;
			buildActionMask = 2147483647;
			dstPath = "include/$(PRODUCT_NAME)";
			dstSubfolderSpec = 16;
			files = (
				53F595031C3522130021D09D /* GJAlertController.h in CopyFiles */,
			);
			runOnlyForDeploymentPostprocessing = 0;
		};
/* End PBXCopyFilesBuildPhase section */

/* Begin PBXFileReference section */
		53F594FF1C3522130021D09D /* libGJAlertController.a */ = {isa = PBXFileReference; explicitFileType = archive.ar; includeInIndex = 0; path = libGJAlertController.a; sourceTree = BUILT_PRODUCTS_DIR; };
		53F595021C3522130021D09D /* GJAlertController.h */ = {isa = PBXFileReference; lastKnownFileType = sourcecode.c.h; path = GJAlertController.h; sourceTree = "<group>"; };
		53F595041C3522130021D09D /* GJAlertController.m */ = {isa = PBXFileReference; lastKnownFileType = sourcecode.c.objc; path = GJAlertController.m; sourceTree = "<group>"; };
		53F5950B1C3522970021D09D /* GJAlertAction.h */ = {isa = PBXFileReference; fileEncoding = 4; lastKnownFileType = sourcecode.c.h; path = GJAlertAction.h; sourceTree = "<group>"; };
		53F5950C1C3522970021D09D /* GJAlertAction.m */ = {isa = PBXFileReference; fileEncoding = 4; lastKnownFileType = sourcecode.c.objc; path = GJAlertAction.m; sourceTree = "<group>"; };
		53F5950D1C3522970021D09D /* UIViewController+Alert.h */ = {isa = PBXFileReference; fileEncoding = 4; lastKnownFileType = sourcecode.c.h; path = "UIViewController+Alert.h"; sourceTree = "<group>"; };
		53F5950E1C3522970021D09D /* UIViewController+Alert.m */ = {isa = PBXFileReference; fileEncoding = 4; lastKnownFileType = sourcecode.c.objc; path = "UIViewController+Alert.m"; sourceTree = "<group>"; };
/* End PBXFileReference section */

/* Begin PBXFrameworksBuildPhase section */
		53F594FC1C3522130021D09D /* Frameworks */ = {
			isa = PBXFrameworksBuildPhase;
			buildActionMask = 2147483647;
			files = (
			);
			runOnlyForDeploymentPostprocessing = 0;
		};
/* End PBXFrameworksBuildPhase section */

/* Begin PBXGroup section */
		53F594F61C3522130021D09D = {
			isa = PBXGroup;
			children = (
				53F595011C3522130021D09D /* GJAlertController */,
				53F595001C3522130021D09D /* Products */,
			);
			sourceTree = "<group>";
		};
		53F595001C3522130021D09D /* Products */ = {
			isa = PBXGroup;
			children = (
				53F594FF1C3522130021D09D /* libGJAlertController.a */,
			);
			name = Products;
			sourceTree = "<group>";
		};
		53F595011C3522130021D09D /* GJAlertController */ = {
			isa = PBXGroup;
			children = (
				53F595021C3522130021D09D /* GJAlertController.h */,
				53F595041C3522130021D09D /* GJAlertController.m */,
				53F5950B1C3522970021D09D /* GJAlertAction.h */,
				53F5950C1C3522970021D09D /* GJAlertAction.m */,
				53F5950D1C3522970021D09D /* UIViewController+Alert.h */,
				53F5950E1C3522970021D09D /* UIViewController+Alert.m */,
			);
			path = GJAlertController;
			sourceTree = "<group>";
		};
/* End PBXGroup section */

/* Begin PBXNativeTarget section */
		53F594FE1C3522130021D09D /* GJAlertController */ = {
			isa = PBXNativeTarget;
			buildConfigurationList = 53F595081C3522130021D09D /* Build configuration list for PBXNativeTarget "GJAlertController" */;
			buildPhases = (
				53F594FB1C3522130021D09D /* Sources */,
				53F594FC1C3522130021D09D /* Frameworks */,
				53F594FD1C3522130021D09D /* CopyFiles */,
			);
			buildRules = (
			);
			dependencies = (
			);
			name = GJAlertController;
			productName = GJAlertController;
			productReference = 53F594FF1C3522130021D09D /* libGJAlertController.a */;
			productType = "com.apple.product-type.library.static";
		};
/* End PBXNativeTarget section */

/* Begin PBXProject section */
		53F594F71C3522130021D09D /* Project object */ = {
			isa = PBXProject;
			attributes = {
				LastUpgradeCheck = 0700;
				ORGANIZATIONNAME = erliangzi;
				TargetAttributes = {
					53F594FE1C3522130021D09D = {
						CreatedOnToolsVersion = 7.0.1;
					};
				};
			};
			buildConfigurationList = 53F594FA1C3522130021D09D /* Build configuration list for PBXProject "GJAlertController" */;
			compatibilityVersion = "Xcode 3.2";
			developmentRegion = English;
			hasScannedForEncodings = 0;
			knownRegions = (
				en,
			);
			mainGroup = 53F594F61C3522130021D09D;
			productRefGroup = 53F595001C3522130021D09D /* Products */;
			projectDirPath = "";
			projectRoot = "";
			targets = (
				53F594FE1C3522130021D09D /* GJAlertController */,
			);
		};
/* End PBXProject section */

/* Begin PBXSourcesBuildPhase section */
		53F594FB1C3522130021D09D /* Sources */ = {
			isa = PBXSourcesBuildPhase;
			buildActionMask = 2147483647;
			files = (
				53F595101C3522970021D09D /* UIViewController+Alert.m in Sources */,
				53F595051C3522130021D09D /* GJAlertController.m in Sources */,
				53F5950F1C3522970021D09D /* GJAlertAction.m in Sources */,
			);
			runOnlyForDeploymentPostprocessing = 0;
		};
/* End PBXSourcesBuildPhase section */

/* Begin XCBuildConfiguration section */
		53F595061C3522130021D09D /* Debug */ = {
			isa = XCBuildConfiguration;
			buildSettings = {
				ALWAYS_SEARCH_USER_PATHS = NO;
				CLANG_CXX_LANGUAGE_STANDARD = "gnu++0x";
				CLANG_CXX_LIBRARY = "libc++";
				CLANG_ENABLE_MODULES = YES;
				CLANG_ENABLE_OBJC_ARC = YES;
				CLANG_WARN_BOOL_CONVERSION = YES;
				CLANG_WARN_CONSTANT_CONVERSION = YES;
				CLANG_WARN_DIRECT_OBJC_ISA_USAGE = YES_ERROR;
				CLANG_WARN_EMPTY_BODY = YES;
				CLANG_WARN_ENUM_CONVERSION = YES;
				CLANG_WARN_INT_CONVERSION = YES;
				CLANG_WARN_OBJC_ROOT_CLASS = YES_ERROR;
				CLANG_WARN_UNREACHABLE_CODE = YES;
				CLANG_WARN__DUPLICATE_METHOD_MATCH = YES;
				COPY_PHASE_STRIP = NO;
				DEBUG_INFORMATION_FORMAT = dwarf;
				ENABLE_STRICT_OBJC_MSGSEND = YES;
				ENABLE_TESTABILITY = YES;
				GCC_C_LANGUAGE_STANDARD = gnu99;
				GCC_DYNAMIC_NO_PIC = NO;
				GCC_NO_COMMON_BLOCKS = YES;
				GCC_OPTIMIZATION_LEVEL = 0;
				GCC_PREPROCESSOR_DEFINITIONS = (
					"DEBUG=1",
					"$(inherited)",
				);
				GCC_WARN_64_TO_32_BIT_CONVERSION = YES;
				GCC_WARN_ABOUT_RETURN_TYPE = YES_ERROR;
				GCC_WARN_UNDECLARED_SELECTOR = YES;
				GCC_WARN_UNINITIALIZED_AUTOS = YES_AGGRESSIVE;
				GCC_WARN_UNUSED_FUNCTION = YES;
				GCC_WARN_UNUSED_VARIABLE = YES;
				IPHONEOS_DEPLOYMENT_TARGET = 7.0;
				MTL_ENABLE_DEBUG_INFO = YES;
				ONLY_ACTIVE_ARCH = YES;
				SDKROOT = iphoneos;
			};
			name = Debug;
		};
		53F595071C3522130021D09D /* Release */ = {
			isa = XCBuildConfiguration;
			buildSettings = {
				ALWAYS_SEARCH_USER_PATHS = NO;
				CLANG_CXX_LANGUAGE_STANDARD = "gnu++0x";
				CLANG_CXX_LIBRARY = "libc++";
				CLANG_ENABLE_MODULES = YES;
				CLANG_ENABLE_OBJC_ARC = YES;
				CLANG_WARN_BOOL_CONVERSION = YES;
				CLANG_WARN_CONSTANT_CONVERSION = YES;
				CLANG_WARN_DIRECT_OBJC_ISA_USAGE = YES_ERROR;
				CLANG_WARN_EMPTY_BODY = YES;
				CLANG_WARN_ENUM_CONVERSION = YES;
				CLANG_WARN_INT_CONVERSION = YES;
				CLANG_WARN_OBJC_ROOT_CLASS = YES_ERROR;
				CLANG_WARN_UNREACHABLE_CODE = YES;
				CLANG_WARN__DUPLICATE_METHOD_MATCH = YES;
				COPY_PHASE_STRIP = NO;
				DEBUG_INFORMATION_FORMAT = "dwarf-with-dsym";
				ENABLE_NS_ASSERTIONS = NO;
				ENABLE_STRICT_OBJC_MSGSEND = YES;
				GCC_C_LANGUAGE_STANDARD = gnu99;
				GCC_NO_COMMON_BLOCKS = YES;
				GCC_WARN_64_TO_32_BIT_CONVERSION = YES;
				GCC_WARN_ABOUT_RETURN_TYPE = YES_ERROR;
				GCC_WARN_UNDECLARED_SELECTOR = YES;
				GCC_WARN_UNINITIALIZED_AUTOS = YES_AGGRESSIVE;
				GCC_WARN_UNUSED_FUNCTION = YES;
				GCC_WARN_UNUSED_VARIABLE = YES;
				IPHONEOS_DEPLOYMENT_TARGET = 7.0;
				MTL_ENABLE_DEBUG_INFO = NO;
				SDKROOT = iphoneos;
				VALIDATE_PRODUCT = YES;
			};
			name = Release;
		};
		53F595091C3522130021D09D /* Debug */ = {
			isa = XCBuildConfiguration;
			buildSettings = {
				OTHER_LDFLAGS = "-ObjC";
				PRODUCT_NAME = "$(TARGET_NAME)";
				SKIP_INSTALL = YES;
			};
			name = Debug;
		};
		53F5950A1C3522130021D09D /* Release */ = {
			isa = XCBuildConfiguration;
			buildSettings = {
				OTHER_LDFLAGS = "-ObjC";
				PRODUCT_NAME = "$(TARGET_NAME)";
				SKIP_INSTALL = YES;
			};
			name = Release;
		};
/* End XCBuildConfiguration section */

/* Begin XCConfigurationList section */
		53F594FA1C3522130021D09D /* Build configuration list for PBXProject "GJAlertController" */ = {
			isa = XCConfigurationList;
			buildConfigurations = (
				53F595061C3522130021D09D /* Debug */,
				53F595071C3522130021D09D /* Release */,
			);
			defaultConfigurationIsVisible = 0;
			defaultConfigurationName = Release;
		};
		53F595081C3522130021D09D /* Build configuration list for PBXNativeTarget "GJAlertController" */ = {
			isa = XCConfigurationList;
			buildConfigurations = (
				53F595091C3522130021D09D /* Debug */,
				53F5950A1C3522130021D09D /* Release */,
			);
			defaultConfigurationIsVisible = 0;
		};
/* End XCConfigurationList section */
	};
	rootObject = 53F594F71C3522130021D09D /* Project object */;
}
